
Microsoft Visual Studio Solution File, Format Version 12.00
# Visual Studio Version 17
VisualStudioVersion = 17.4.33122.133
MinimumVisualStudioVersion = 10.0.40219.1
Project("{FAE04EC0-301F-11D3-BF4B-00C04F79EFBC}") = "FinalFinal", "FinalFinal\FinalFinal.csproj", "{0772FAD7-BA33-4B4E-B9B6-7EECACE34271}"
EndProject
Global
	GlobalSection(SolutionConfigurationPlatforms) = preSolution
		Debug|Any CPU = Debug|Any CPU
		Release|Any CPU = Release|Any CPU
	EndGlobalSection
	GlobalSection(ProjectConfigurationPlatforms) = postSolution
		{0772FAD7-BA33-4B4E-B9B6-7EECACE34271}.Debug|Any CPU.ActiveCfg = Debug|Any CPU
		{0772FAD7-BA33-4B4E-B9B6-7EECACE34271}.Debug|Any CPU.Build.0 = Debug|Any CPU
		{0772FAD7-BA33-4B4E-B9B6-7EECACE34271}.Release|Any CPU.ActiveCfg = Release|Any CPU
		{0772FAD7-BA33-4B4E-B9B6-7EECACE34271}.Release|Any CPU.Build.0 = Release|Any CPU
	EndGlobalSection
	GlobalSection(SolutionProperties) = preSolution
		HideSolutionNode = FALSE
	EndGlobalSection
	GlobalSection(ExtensibilityGlobals) = postSolution
		SolutionGuid = {629C7DE3-18E2-444E-B544-F7A7ECB52BEF}
	EndGlobalSection
EndGlobal
